{
    "_readme": [
        "This file locks the dependencies of your project to a known state",
        "Read more about it at https://getcomposer.org/doc/01-basic-usage.md#installing-dependencies",
        "This file is @generated automatically"
    ],
    "content-hash": "fc369fb7f924f6d9a79486779b409b5c",
    "packages": [
        {
            "name": "psr/simple-cache",
            "version": "dev-master",
            "source": {
                "type": "git",
                "url": "https://github.com/php-fig/simple-cache.git",
                "reference": "2d280c2aaa23a120f35d55cfde8581954a8e77fa"
            },
            "dist": {
                "type": "zip",
                "url": "https://api.github.com/repos/php-fig/simple-cache/zipball/2d280c2aaa23a120f35d55cfde8581954a8e77fa",
                "reference": "2d280c2aaa23a120f35d55cfde8581954a8e77fa",
                "shasum": ""
            },
            "require": {
                "php": ">=8.0.0"
            },
            "default-branch": true,
            "type": "library",
            "extra": {
                "branch-alias": {
                    "dev-master": "3.0.x-dev"
                }
            },
            "autoload": {
                "psr-4": {
                    "Psr\\SimpleCache\\": "src/"
                }
            },
            "notification-url": "https://packagist.org/downloads/",
            "license": [
                "MIT"
            ],
            "authors": [
                {
                    "name": "PHP-FIG",
                    "homepage": "https://www.php-fig.org/"
                }
            ],
            "description": "Common interfaces for simple caching",
            "keywords": [
                "cache",
                "caching",
                "psr",
                "psr-16",
                "simple-cache"
            ],
            "support": {
                "source": "https://github.com/php-fig/simple-cache/tree/master"
            },
            "time": "2022-04-08T16:41:45+00:00"
        },
        {
            "name": "stougeiro/stdw-contract-cache",
            "version": "v0.1.0",
            "source": {
                "type": "git",
                "url": "https://github.com/stougeiro/stdw-contract-cache.git",
                "reference": "f03c63f7a670b63f258df825255926e35371d0f5"
            },
            "dist": {
                "type": "zip",
                "url": "https://api.github.com/repos/stougeiro/stdw-contract-cache/zipball/f03c63f7a670b63f258df825255926e35371d0f5",
                "reference": "f03c63f7a670b63f258df825255926e35371d0f5",
                "shasum": ""
            },
            "require": {
                "psr/simple-cache": "^3.0@dev"
            },
            "type": "package",
            "autoload": {
                "psr-4": {
                    "STDW\\Contract\\Cache\\": "src/"
                }
            },
            "notification-url": "https://packagist.org/downloads/",
            "license": [
                "MIT"
            ],
            "authors": [
                {
                    "name": "S.Tougeiro",
                    "email": "sidneytougeiro@gmail.com"
                }
            ],
            "support": {
                "issues": "https://github.com/stougeiro/stdw-contract-cache/issues",
                "source": "https://github.com/stougeiro/stdw-contract-cache/tree/v0.1.0"
            },
            "time": "2024-02-16T22:53:00+00:00"
        }
    ],
    "packages-dev": [],
    "aliases": [],
    "minimum-stability": "dev",
    "stability-flags": [],
    "prefer-stable": false,
    "prefer-lowest": false,
    "platform": [],
    "platform-dev": [],
    "plugin-api-version": "2.6.0"
}
